// !$*UTF8*$!
{
	archiveVersion = 1;
	classes = {
	};
	objectVersion = 77;
	objects = {

/* Begin PBXContainerItemProxy section */
		CED25D1B2D11E7BB00861355 /* PBXContainerItemProxy */ = {
			isa = PBXContainerItemProxy;
			containerPortal = CED25CFC2D11E7BA00861355 /* Project object */;
			proxyType = 1;
			remoteGlobalIDString = CED25D032D11E7BA00861355;
			remoteInfo = TechnicalTaskLvl2;
		};
		CED25D252D11E7BB00861355 /* PBXContainerItemProxy */ = {
			isa = PBXContainerItemProxy;
			containerPortal = CED25CFC2D11E7BA00861355 /* Project object */;
			proxyType = 1;
			remoteGlobalIDString = CED25D032D11E7BA00861355;
			remoteInfo = TechnicalTaskLvl2;
		};
/* End PBXContainerItemProxy section */

/* Begin PBXFileReference section */
		CED25D042D11E7BA00861355 /* TechnicalTaskLvl2.app */ = {isa = PBXFileReference; explicitFileType = wrapper.application; includeInIndex = 0; path = TechnicalTaskLvl2.app; sourceTree = BUILT_PRODUCTS_DIR; };
		CED25D1A2D11E7BB00861355 /* TechnicalTaskLvl2Tests.xctest */ = {isa = PBXFileReference; explicitFileType = wrapper.cfbundle; includeInIndex = 0; path = TechnicalTaskLvl2Tests.xctest; sourceTree = BUILT_PRODUCTS_DIR; };
		CED25D242D11E7BB00861355 /* TechnicalTaskLvl2UITests.xctest */ = {isa = PBXFileReference; explicitFileType = wrapper.cfbundle; includeInIndex = 0; path = TechnicalTaskLvl2UITests.xctest; sourceTree = BUILT_PRODUCTS_DIR; };
/* End PBXFileReference section */

/* Begin PBXFileSystemSynchronizedBuildFileExceptionSet section */
		CED25D2C2D11E7BB00861355 /* Exceptions for "TechnicalTaskLvl2" folder in "TechnicalTaskLvl2" target */ = {
			isa = PBXFileSystemSynchronizedBuildFileExceptionSet;
			membershipExceptions = (
				Info.plist,
			);
			target = CED25D032D11E7BA00861355 /* TechnicalTaskLvl2 */;
		};
/* End PBXFileSystemSynchronizedBuildFileExceptionSet section */

/* Begin PBXFileSystemSynchronizedRootGroup section */
		CED25D062D11E7BA00861355 /* TechnicalTaskLvl2 */ = {
			isa = PBXFileSystemSynchronizedRootGroup;
			exceptions = (
				CED25D2C2D11E7BB00861355 /* Exceptions for "TechnicalTaskLvl2" folder in "TechnicalTaskLvl2" target */,
			);
			path = TechnicalTaskLvl2;
			sourceTree = "<group>";
		};
		CED25D1D2D11E7BB00861355 /* TechnicalTaskLvl2Tests */ = {
			isa = PBXFileSystemSynchronizedRootGroup;
			path = TechnicalTaskLvl2Tests;
			sourceTree = "<group>";
		};
		CED25D272D11E7BB00861355 /* TechnicalTaskLvl2UITests */ = {
			isa = PBXFileSystemSynchronizedRootGroup;
			path = TechnicalTaskLvl2UITests;
			sourceTree = "<group>";
		};
/* End PBXFileSystemSynchronizedRootGroup section */

/* Begin PBXFrameworksBuildPhase section */
		CED25D012D11E7BA00861355 /* Frameworks */ = {
			isa = PBXFrameworksBuildPhase;
			buildActionMask = 2147483647;
			files = (
			);
			runOnlyForDeploymentPostprocessing = 0;
		};
		CED25D172D11E7BB00861355 /* Frameworks */ = {
			isa = PBXFrameworksBuildPhase;
			buildActionMask = 2147483647;
			files = (
			);
			runOnlyForDeploymentPostprocessing = 0;
		};
		CED25D212D11E7BB00861355 /* Frameworks */ = {
			isa = PBXFrameworksBuildPhase;
			buildActionMask = 2147483647;
			files = (
			);
			runOnlyForDeploymentPostprocessing = 0;
		};
/* End PBXFrameworksBuildPhase section */

/* Begin PBXGroup section */
		CED25CFB2D11E7BA00861355 = {
			isa = PBXGroup;
			children = (
				CED25D062D11E7BA00861355 /* TechnicalTaskLvl2 */,
				CED25D1D2D11E7BB00861355 /* TechnicalTaskLvl2Tests */,
				CED25D272D11E7BB00861355 /* TechnicalTaskLvl2UITests */,
				CED25D052D11E7BA00861355 /* Products */,
			);
			sourceTree = "<group>";
		};
		CED25D052D11E7BA00861355 /* Products */ = {
			isa = PBXGroup;
			children = (
				CED25D042D11E7BA00861355 /* TechnicalTaskLvl2.app */,
				CED25D1A2D11E7BB00861355 /* TechnicalTaskLvl2Tests.xctest */,
				CED25D242D11E7BB00861355 /* TechnicalTaskLvl2UITests.xctest */,
			);
			name = Products;
			sourceTree = "<group>";
		};
/* End PBXGroup section */

/* Begin PBXNativeTarget section */
		CED25D032D11E7BA00861355 /* TechnicalTaskLvl2 */ = {
			isa = PBXNativeTarget;
			buildConfigurationList = CED25D2D2D11E7BB00861355 /* Build configuration list for PBXNativeTarget "TechnicalTaskLvl2" */;
			buildPhases = (
				CED25D002D11E7BA00861355 /* Sources */,
				CED25D012D11E7BA00861355 /* Frameworks */,
				CED25D022D11E7BA00861355 /* Resources */,
			);
			buildRules = (
			);
			dependencies = (
			);
			fileSystemSynchronizedGroups = (
				CED25D062D11E7BA00861355 /* TechnicalTaskLvl2 */,
			);
			name = TechnicalTaskLvl2;
			packageProductDependencies = (
			);
			productName = TechnicalTaskLvl2;
			productReference = CED25D042D11E7BA00861355 /* TechnicalTaskLvl2.app */;
			productType = "com.apple.product-type.application";
		};
		CED25D192D11E7BB00861355 /* TechnicalTaskLvl2Tests */ = {
			isa = PBXNativeTarget;
			buildConfigurationList = CED25D322D11E7BB00861355 /* Build configuration list for PBXNativeTarget "TechnicalTaskLvl2Tests" */;
			buildPhases = (
				CED25D162D11E7BB00861355 /* Sources */,
				CED25D172D11E7BB00861355 /* Frameworks */,
				CED25D182D11E7BB00861355 /* Resources */,
			);
			buildRules = (
			);
			dependencies = (
				CED25D1C2D11E7BB00861355 /* PBXTargetDependency */,
			);
			fileSystemSynchronizedGroups = (
				CED25D1D2D11E7BB00861355 /* TechnicalTaskLvl2Tests */,
			);
			name = TechnicalTaskLvl2Tests;
			packageProductDependencies = (
			);
			productName = TechnicalTaskLvl2Tests;
			productReference = CED25D1A2D11E7BB00861355 /* TechnicalTaskLvl2Tests.xctest */;
			productType = "com.apple.product-type.bundle.unit-test";
		};
		CED25D232D11E7BB00861355 /* TechnicalTaskLvl2UITests */ = {
			isa = PBXNativeTarget;
			buildConfigurationList = CED25D352D11E7BB00861355 /* Build configuration list for PBXNativeTarget "TechnicalTaskLvl2UITests" */;
			buildPhases = (
				CED25D202D11E7BB00861355 /* Sources */,
				CED25D212D11E7BB00861355 /* Frameworks */,
				CED25D222D11E7BB00861355 /* Resources */,
			);
			buildRules = (
			);
			dependencies = (
				CED25D262D11E7BB00861355 /* PBXTargetDependency */,
			);
			fileSystemSynchronizedGroups = (
				CED25D272D11E7BB00861355 /* TechnicalTaskLvl2UITests */,
			);
			name = TechnicalTaskLvl2UITests;
			packageProductDependencies = (
			);
			productName = TechnicalTaskLvl2UITests;
			productReference = CED25D242D11E7BB00861355 /* TechnicalTaskLvl2UITests.xctest */;
			productType = "com.apple.product-type.bundle.ui-testing";
		};
/* End PBXNativeTarget section */

/* Begin PBXProject section */
		CED25CFC2D11E7BA00861355 /* Project object */ = {
			isa = PBXProject;
			attributes = {
				BuildIndependentTargetsInParallel = 1;
				LastSwiftUpdateCheck = 1620;
				LastUpgradeCheck = 1620;
				TargetAttributes = {
					CED25D032D11E7BA00861355 = {
						CreatedOnToolsVersion = 16.2;
					};
					CED25D192D11E7BB00861355 = {
						CreatedOnToolsVersion = 16.2;
						TestTargetID = CED25D032D11E7BA00861355;
					};
					CED25D232D11E7BB00861355 = {
						CreatedOnToolsVersion = 16.2;
						TestTargetID = CED25D032D11E7BA00861355;
					};
				};
			};
			buildConfigurationList = CED25CFF2D11E7BA00861355 /* Build configuration list for PBXProject "TechnicalTaskLvl2" */;
			developmentRegion = en;
			hasScannedForEncodings = 0;
			knownRegions = (
				en,
				Base,
			);
			mainGroup = CED25CFB2D11E7BA00861355;
			minimizedProjectReferenceProxies = 1;
			preferredProjectObjectVersion = 77;
			productRefGroup = CED25D052D11E7BA00861355 /* Products */;
			projectDirPath = "";
			projectRoot = "";
			targets = (
				CED25D032D11E7BA00861355 /* TechnicalTaskLvl2 */,
				CED25D192D11E7BB00861355 /* TechnicalTaskLvl2Tests */,
				CED25D232D11E7BB00861355 /* TechnicalTaskLvl2UITests */,
			);
		};
/* End PBXProject section */

/* Begin PBXResourcesBuildPhase section */
		CED25D022D11E7BA00861355 /* Resources */ = {
			isa = PBXResourcesBuildPhase;
			buildActionMask = 2147483647;
			files = (
			);
			runOnlyForDeploymentPostprocessing = 0;
		};
		CED25D182D11E7BB00861355 /* Resources */ = {
			isa = PBXResourcesBuildPhase;
			buildActionMask = 2147483647;
			files = (
			);
			runOnlyForDeploymentPostprocessing = 0;
		};
		CED25D222D11E7BB00861355 /* Resources */ = {
			isa = PBXResourcesBuildPhase;
			buildActionMask = 2147483647;
			files = (
			);
			runOnlyForDeploymentPostprocessing = 0;
		};
/* End PBXResourcesBuildPhase section */

/* Begin PBXSourcesBuildPhase section */
		CED25D002D11E7BA00861355 /* Sources */ = {
			isa = PBXSourcesBuildPhase;
			buildActionMask = 2147483647;
			files = (
			);
			runOnlyForDeploymentPostprocessing = 0;
		};
		CED25D162D11E7BB00861355 /* Sources */ = {
			isa = PBXSourcesBuildPhase;
			buildActionMask = 2147483647;
			files = (
			);
			runOnlyForDeploymentPostprocessing = 0;
		};
		CED25D202D11E7BB00861355 /* Sources */ = {
			isa = PBXSourcesBuildPhase;
			buildActionMask = 2147483647;
			files = (
			);
			runOnlyForDeploymentPostprocessing = 0;
		};
/* End PBXSourcesBuildPhase section */

/* Begin PBXTargetDependency section */
		CED25D1C2D11E7BB00861355 /* PBXTargetDependency */ = {
			isa = PBXTargetDependency;
			target = CED25D032D11E7BA00861355 /* TechnicalTaskLvl2 */;
			targetProxy = CED25D1B2D11E7BB00861355 /* PBXContainerItemProxy */;
		};
		CED25D262D11E7BB00861355 /* PBXTargetDependency */ = {
			isa = PBXTargetDependency;
			target = CED25D032D11E7BA00861355 /* TechnicalTaskLvl2 */;
			targetProxy = CED25D252D11E7BB00861355 /* PBXContainerItemProxy */;
		};
/* End PBXTargetDependency section */

/* Begin XCBuildConfiguration section */
		CED25D2E2D11E7BB00861355 /* Debug */ = {
			isa = XCBuildConfiguration;
			buildSettings = {
				ASSETCATALOG_COMPILER_APPICON_NAME = AppIcon;
				ASSETCATALOG_COMPILER_GLOBAL_ACCENT_COLOR_NAME = AccentColor;
				CODE_SIGN_STYLE = Automatic;
				CURRENT_PROJECT_VERSION = 1;
				GENERATE_INFOPLIST_FILE = YES;
				INFOPLIST_FILE = TechnicalTaskLvl2/Info.plist;
				INFOPLIST_KEY_UIApplicationSupportsIndirectInputEvents = YES;
				INFOPLIST_KEY_UILaunchStoryboardName = LaunchScreen;
				INFOPLIST_KEY_UIMainStoryboardFile = Main;
				INFOPLIST_KEY_UISupportedInterfaceOrientations = UIInterfaceOrientationPortrait;
				INFOPLIST_KEY_UISupportedInterfaceOrientations_iPad = "UIInterfaceOrientationLandscapeLeft UIInterfaceOrientationLandscapeRight UIInterfaceOrientationPortrait UIInterfaceOrientationPortraitUpsideDown";
				IPHONEOS_DEPLOYMENT_TARGET = 15.0;
				LD_RUNPATH_SEARCH_PATHS = (
					"$(inherited)",
					"@executable_path/Frameworks",
				);
				MARKETING_VERSION = 1.0;
				PRODUCT_BUNDLE_IDENTIFIER = com.test123.TechnicalTaskLvl2;
				PRODUCT_NAME = "$(TARGET_NAME)";
				SUPPORTED_PLATFORMS = "iphoneos iphonesimulator";
				SUPPORTS_MACCATALYST = NO;
				SUPPORTS_MAC_DESIGNED_FOR_IPHONE_IPAD = NO;
				SUPPORTS_XR_DESIGNED_FOR_IPHONE_IPAD = NO;
				SWIFT_EMIT_LOC_STRINGS = YES;
				SWIFT_VERSION = 5.0;
				TARGETED_DEVICE_FAMILY = 1;
			};
			name = Debug;
		};
		CED25D2F2D11E7BB00861355 /* Release */ = {
			isa = XCBuildConfiguration;
			buildSettings = {
				ASSETCATALOG_COMPILER_APPICON_NAME = AppIcon;
				ASSETCATALOG_COMPILER_GLOBAL_ACCENT_COLOR_NAME = AccentColor;
				CODE_SIGN_STYLE = Automatic;
				CURRENT_PROJECT_VERSION = 1;
				GENERATE_INFOPLIST_FILE = YES;
				INFOPLIST_FILE = TechnicalTaskLvl2/Info.plist;
				INFOPLIST_KEY_UIApplicationSupportsIndirectInputEvents = YES;
				INFOPLIST_KEY_UILaunchStoryboardName = LaunchScreen;
				INFOPLIST_KEY_UIMainStoryboardFile = Main;
				INFOPLIST_KEY_UISupportedInterfaceOrientations = UIInterfaceOrientationPortrait;
				INFOPLIST_KEY_UISupportedInterfaceOrientations_iPad = "UIInterfaceOrientationLandscapeLeft UIInterfaceOrientationLandscapeRight UIInterfaceOrientationPortrait UIInterfaceOrientationPortraitUpsideDown";
				IPHONEOS_DEPLOYMENT_TARGET = 15.0;
				LD_RUNPATH_SEARCH_PATHS = (
					"$(inherited)",
					"@executable_path/Frameworks",
				);
				MARKETING_VERSION = 1.0;
				PRODUCT_BUNDLE_IDENTIFIER = com.test123.TechnicalTaskLvl2;
				PRODUCT_NAME = "$(TARGET_NAME)";
				SUPPORTED_PLATFORMS = "iphoneos iphonesimulator";
				SUPPORTS_MACCATALYST = NO;
				SUPPORTS_MAC_DESIGNED_FOR_IPHONE_IPAD = NO;
				SUPPORTS_XR_DESIGNED_FOR_IPHONE_IPAD = NO;
				SWIFT_EMIT_LOC_STRINGS = YES;
				SWIFT_VERSION = 5.0;
				TARGETED_DEVICE_FAMILY = 1;
			};
			name = Release;
		};
		CED25D302D11E7BB00861355 /* Debug */ = {
			isa = XCBuildConfiguration;
			buildSettings = {
				ALWAYS_SEARCH_USER_PATHS = NO;
				ASSETCATALOG_COMPILER_GENERATE_SWIFT_ASSET_SYMBOL_EXTENSIONS = YES;
				CLANG_ANALYZER_NONNULL = YES;
				CLANG_ANALYZER_NUMBER_OBJECT_CONVERSION = YES_AGGRESSIVE;
				CLANG_CXX_LANGUAGE_STANDARD = "gnu++20";
				CLANG_ENABLE_MODULES = YES;
				CLANG_ENABLE_OBJC_ARC = YES;
				CLANG_ENABLE_OBJC_WEAK = YES;
				CLANG_WARN_BLOCK_CAPTURE_AUTORELEASING = YES;
				CLANG_WARN_BOOL_CONVERSION = YES;
				CLANG_WARN_COMMA = YES;
				CLANG_WARN_CONSTANT_CONVERSION = YES;
				CLANG_WARN_DEPRECATED_OBJC_IMPLEMENTATIONS = YES;
				CLANG_WARN_DIRECT_OBJC_ISA_USAGE = YES_ERROR;
				CLANG_WARN_DOCUMENTATION_COMMENTS = YES;
				CLANG_WARN_EMPTY_BODY = YES;
				CLANG_WARN_ENUM_CONVERSION = YES;
				CLANG_WARN_INFINITE_RECURSION = YES;
				CLANG_WARN_INT_CONVERSION = YES;
				CLANG_WARN_NON_LITERAL_NULL_CONVERSION = YES;
				CLANG_WARN_OBJC_IMPLICIT_RETAIN_SELF = YES;
				CLANG_WARN_OBJC_LITERAL_CONVERSION = YES;
				CLANG_WARN_OBJC_ROOT_CLASS = YES_ERROR;
				CLANG_WARN_QUOTED_INCLUDE_IN_FRAMEWORK_HEADER = YES;
				CLANG_WARN_RANGE_LOOP_ANALYSIS = YES;
				CLANG_WARN_STRICT_PROTOTYPES = YES;
				CLANG_WARN_SUSPICIOUS_MOVE = YES;
				CLANG_WARN_UNGUARDED_AVAILABILITY = YES_AGGRESSIVE;
				CLANG_WARN_UNREACHABLE_CODE = YES;
				CLANG_WARN__DUPLICATE_METHOD_MATCH = YES;
				COPY_PHASE_STRIP = NO;
				DEBUG_INFORMATION_FORMAT = dwarf;
				ENABLE_STRICT_OBJC_MSGSEND = YES;
				ENABLE_TESTABILITY = YES;
				ENABLE_USER_SCRIPT_SANDBOXING = YES;
				GCC_C_LANGUAGE_STANDARD = gnu17;
				GCC_DYNAMIC_NO_PIC = NO;
				GCC_NO_COMMON_BLOCKS = YES;
				GCC_OPTIMIZATION_LEVEL = 0;
				GCC_PREPROCESSOR_DEFINITIONS = (
					"DEBUG=1",
					"$(inherited)",
				);
				GCC_WARN_64_TO_32_BIT_CONVERSION = YES;
				GCC_WARN_ABOUT_RETURN_TYPE = YES_ERROR;
				GCC_WARN_UNDECLARED_SELECTOR = YES;
				GCC_WARN_UNINITIALIZED_AUTOS = YES_AGGRESSIVE;
				GCC_WARN_UNUSED_FUNCTION = YES;
				GCC_WARN_UNUSED_VARIABLE = YES;
				IPHONEOS_DEPLOYMENT_TARGET = 15.6;
				LOCALIZATION_PREFERS_STRING_CATALOGS = YES;
				MTL_ENABLE_DEBUG_INFO = INCLUDE_SOURCE;
				MTL_FAST_MATH = YES;
				ONLY_ACTIVE_ARCH = YES;
				SDKROOT = iphoneos;
				SWIFT_ACTIVE_COMPILATION_CONDITIONS = "DEBUG $(inherited)";
				SWIFT_OPTIMIZATION_LEVEL = "-Onone";
			};
			name = Debug;
		};
		CED25D312D11E7BB00861355 /* Release */ = {
			isa = XCBuildConfiguration;
			buildSettings = {
				ALWAYS_SEARCH_USER_PATHS = NO;
				ASSETCATALOG_COMPILER_GENERATE_SWIFT_ASSET_SYMBOL_EXTENSIONS = YES;
				CLANG_ANALYZER_NONNULL = YES;
				CLANG_ANALYZER_NUMBER_OBJECT_CONVERSION = YES_AGGRESSIVE;
				CLANG_CXX_LANGUAGE_STANDARD = "gnu++20";
				CLANG_ENABLE_MODULES = YES;
				CLANG_ENABLE_OBJC_ARC = YES;
				CLANG_ENABLE_OBJC_WEAK = YES;
				CLANG_WARN_BLOCK_CAPTURE_AUTORELEASING = YES;
				CLANG_WARN_BOOL_CONVERSION = YES;
				CLANG_WARN_COMMA = YES;
				CLANG_WARN_CONSTANT_CONVERSION = YES;
				CLANG_WARN_DEPRECATED_OBJC_IMPLEMENTATIONS = YES;
				CLANG_WARN_DIRECT_OBJC_ISA_USAGE = YES_ERROR;
				CLANG_WARN_DOCUMENTATION_COMMENTS = YES;
				CLANG_WARN_EMPTY_BODY = YES;
				CLANG_WARN_ENUM_CONVERSION = YES;
				CLANG_WARN_INFINITE_RECURSION = YES;
				CLANG_WARN_INT_CONVERSION = YES;
				CLANG_WARN_NON_LITERAL_NULL_CONVERSION = YES;
				CLANG_WARN_OBJC_IMPLICIT_RETAIN_SELF = YES;
				CLANG_WARN_OBJC_LITERAL_CONVERSION = YES;
				CLANG_WARN_OBJC_ROOT_CLASS = YES_ERROR;
				CLANG_WARN_QUOTED_INCLUDE_IN_FRAMEWORK_HEADER = YES;
				CLANG_WARN_RANGE_LOOP_ANALYSIS = YES;
				CLANG_WARN_STRICT_PROTOTYPES = YES;
				CLANG_WARN_SUSPICIOUS_MOVE = YES;
				CLANG_WARN_UNGUARDED_AVAILABILITY = YES_AGGRESSIVE;
				CLANG_WARN_UNREACHABLE_CODE = YES;
				CLANG_WARN__DUPLICATE_METHOD_MATCH = YES;
				COPY_PHASE_STRIP = NO;
				DEBUG_INFORMATION_FORMAT = "dwarf-with-dsym";
				ENABLE_NS_ASSERTIONS = NO;
				ENABLE_STRICT_OBJC_MSGSEND = YES;
				ENABLE_USER_SCRIPT_SANDBOXING = YES;
				GCC_C_LANGUAGE_STANDARD = gnu17;
				GCC_NO_COMMON_BLOCKS = YES;
				GCC_WARN_64_TO_32_BIT_CONVERSION = YES;
				GCC_WARN_ABOUT_RETURN_TYPE = YES_ERROR;
				GCC_WARN_UNDECLARED_SELECTOR = YES;
				GCC_WARN_UNINITIALIZED_AUTOS = YES_AGGRESSIVE;
				GCC_WARN_UNUSED_FUNCTION = YES;
				GCC_WARN_UNUSED_VARIABLE = YES;
				IPHONEOS_DEPLOYMENT_TARGET = 15.6;
				LOCALIZATION_PREFERS_STRING_CATALOGS = YES;
				MTL_ENABLE_DEBUG_INFO = NO;
				MTL_FAST_MATH = YES;
				SDKROOT = iphoneos;
				SWIFT_COMPILATION_MODE = wholemodule;
				VALIDATE_PRODUCT = YES;
			};
			name = Release;
		};
		CED25D332D11E7BB00861355 /* Debug */ = {
			isa = XCBuildConfiguration;
			buildSettings = {
				BUNDLE_LOADER = "$(TEST_HOST)";
				CODE_SIGN_STYLE = Automatic;
				CURRENT_PROJECT_VERSION = 1;
				GENERATE_INFOPLIST_FILE = YES;
				IPHONEOS_DEPLOYMENT_TARGET = 15.6;
				MARKETING_VERSION = 1.0;
				PRODUCT_BUNDLE_IDENTIFIER = com.test123.TechnicalTaskLvl2Tests;
				PRODUCT_NAME = "$(TARGET_NAME)";
				SWIFT_EMIT_LOC_STRINGS = NO;
				SWIFT_VERSION = 5.0;
				TARGETED_DEVICE_FAMILY = "1,2";
				TEST_HOST = "$(BUILT_PRODUCTS_DIR)/TechnicalTaskLvl2.app/$(BUNDLE_EXECUTABLE_FOLDER_PATH)/TechnicalTaskLvl2";
			};
			name = Debug;
		};
		CED25D342D11E7BB00861355 /* Release */ = {
			isa = XCBuildConfiguration;
			buildSettings = {
				BUNDLE_LOADER = "$(TEST_HOST)";
				CODE_SIGN_STYLE = Automatic;
				CURRENT_PROJECT_VERSION = 1;
				GENERATE_INFOPLIST_FILE = YES;
				IPHONEOS_DEPLOYMENT_TARGET = 15.6;
				MARKETING_VERSION = 1.0;
				PRODUCT_BUNDLE_IDENTIFIER = com.test123.TechnicalTaskLvl2Tests;
				PRODUCT_NAME = "$(TARGET_NAME)";
				SWIFT_EMIT_LOC_STRINGS = NO;
				SWIFT_VERSION = 5.0;
				TARGETED_DEVICE_FAMILY = "1,2";
				TEST_HOST = "$(BUILT_PRODUCTS_DIR)/TechnicalTaskLvl2.app/$(BUNDLE_EXECUTABLE_FOLDER_PATH)/TechnicalTaskLvl2";
			};
			name = Release;
		};
		CED25D362D11E7BB00861355 /* Debug */ = {
			isa = XCBuildConfiguration;
			buildSettings = {
				CODE_SIGN_STYLE = Automatic;
				CURRENT_PROJECT_VERSION = 1;
				GENERATE_INFOPLIST_FILE = YES;
				MARKETING_VERSION = 1.0;
				PRODUCT_BUNDLE_IDENTIFIER = com.test123.TechnicalTaskLvl2UITests;
				PRODUCT_NAME = "$(TARGET_NAME)";
				SWIFT_EMIT_LOC_STRINGS = NO;
				SWIFT_VERSION = 5.0;
				TARGETED_DEVICE_FAMILY = "1,2";
				TEST_TARGET_NAME = TechnicalTaskLvl2;
			};
			name = Debug;
		};
		CED25D372D11E7BB00861355 /* Release */ = {
			isa = XCBuildConfiguration;
			buildSettings = {
				CODE_SIGN_STYLE = Automatic;
				CURRENT_PROJECT_VERSION = 1;
				GENERATE_INFOPLIST_FILE = YES;
				MARKETING_VERSION = 1.0;
				PRODUCT_BUNDLE_IDENTIFIER = com.test123.TechnicalTaskLvl2UITests;
				PRODUCT_NAME = "$(TARGET_NAME)";
				SWIFT_EMIT_LOC_STRINGS = NO;
				SWIFT_VERSION = 5.0;
				TARGETED_DEVICE_FAMILY = "1,2";
				TEST_TARGET_NAME = TechnicalTaskLvl2;
			};
			name = Release;
		};
/* End XCBuildConfiguration section */

/* Begin XCConfigurationList section */
		CED25CFF2D11E7BA00861355 /* Build configuration list for PBXProject "TechnicalTaskLvl2" */ = {
			isa = XCConfigurationList;
			buildConfigurations = (
				CED25D302D11E7BB00861355 /* Debug */,
				CED25D312D11E7BB00861355 /* Release */,
			);
			defaultConfigurationIsVisible = 0;
			defaultConfigurationName = Release;
		};
		CED25D2D2D11E7BB00861355 /* Build configuration list for PBXNativeTarget "TechnicalTaskLvl2" */ = {
			isa = XCConfigurationList;
			buildConfigurations = (
				CED25D2E2D11E7BB00861355 /* Debug */,
				CED25D2F2D11E7BB00861355 /* Release */,
			);
			defaultConfigurationIsVisible = 0;
			defaultConfigurationName = Release;
		};
		CED25D322D11E7BB00861355 /* Build configuration list for PBXNativeTarget "TechnicalTaskLvl2Tests" */ = {
			isa = XCConfigurationList;
			buildConfigurations = (
				CED25D332D11E7BB00861355 /* Debug */,
				CED25D342D11E7BB00861355 /* Release */,
			);
			defaultConfigurationIsVisible = 0;
			defaultConfigurationName = Release;
		};
		CED25D352D11E7BB00861355 /* Build configuration list for PBXNativeTarget "TechnicalTaskLvl2UITests" */ = {
			isa = XCConfigurationList;
			buildConfigurations = (
				CED25D362D11E7BB00861355 /* Debug */,
				CED25D372D11E7BB00861355 /* Release */,
			);
			defaultConfigurationIsVisible = 0;
			defaultConfigurationName = Release;
		};
/* End XCConfigurationList section */
	};
	rootObject = CED25CFC2D11E7BA00861355 /* Project object */;
}
